Microsoft Visual Studio Solution File, Format Version 12.00
# Visual Studio Version 17
VisualStudioVersion = 17.0.31903.59
MinimumVisualStudioVersion = 10.0.40219.1
Project("{9A19103F-16F7-4668-BE54-9A1E7A4F7556}") = "Platform.Data.Doublets.Sql", "Platform.Data.Doublets.Sql\Platform.Data.Doublets.Sql.csproj", "{A6463D44-E42B-4FCF-AAB5-568E0AF1B6CD}"
EndProject
Project("{9A19103F-16F7-4668-BE54-9A1E7A4F7556}") = "Platform.Data.Doublets.Sql.Server", "Platform.Data.Doublets.Sql.Server\Platform.Data.Doublets.Sql.Server.csproj", "{AD25F601-3E53-444E-83BF-9CCD765D8D7B}"
EndProject
Project("{9A19103F-16F7-4668-BE54-9A1E7A4F7556}") = "Platform.Data.Doublets.Sql.Tests", "Platform.Data.Doublets.Sql.Tests\Platform.Data.Doublets.Sql.Tests.csproj", "{26400745-9D0F-4993-A23D-49EB381E4EBD}"
EndProject
Global
	GlobalSection(SolutionConfigurationPlatforms) = preSolution
		Debug|Any CPU = Debug|Any CPU
		Release|Any CPU = Release|Any CPU
	EndGlobalSection
	GlobalSection(ProjectConfigurationPlatforms) = postSolution
		{A6463D44-E42B-4FCF-AAB5-568E0AF1B6CD}.Debug|Any CPU.ActiveCfg = Debug|Any CPU
		{A6463D44-E42B-4FCF-AAB5-568E0AF1B6CD}.Debug|Any CPU.Build.0 = Debug|Any CPU
		{A6463D44-E42B-4FCF-AAB5-568E0AF1B6CD}.Release|Any CPU.ActiveCfg = Release|Any CPU
		{A6463D44-E42B-4FCF-AAB5-568E0AF1B6CD}.Release|Any CPU.Build.0 = Release|Any CPU
		{AD25F601-3E53-444E-83BF-9CCD765D8D7B}.Debug|Any CPU.ActiveCfg = Debug|Any CPU
		{AD25F601-3E53-444E-83BF-9CCD765D8D7B}.Debug|Any CPU.Build.0 = Debug|Any CPU
		{AD25F601-3E53-444E-83BF-9CCD765D8D7B}.Release|Any CPU.ActiveCfg = Release|Any CPU
		{AD25F601-3E53-444E-83BF-9CCD765D8D7B}.Release|Any CPU.Build.0 = Release|Any CPU
		{26400745-9D0F-4993-A23D-49EB381E4EBD}.Debug|Any CPU.ActiveCfg = Debug|Any CPU
		{26400745-9D0F-4993-A23D-49EB381E4EBD}.Debug|Any CPU.Build.0 = Debug|Any CPU
		{26400745-9D0F-4993-A23D-49EB381E4EBD}.Release|Any CPU.ActiveCfg = Release|Any CPU
		{26400745-9D0F-4993-A23D-49EB381E4EBD}.Release|Any CPU.Build.0 = Release|Any CPU
	EndGlobalSection
	GlobalSection(SolutionProperties) = preSolution
		HideSolutionNode = FALSE
	EndGlobalSection
	GlobalSection(ExtensibilityGlobals) = postSolution
		SolutionGuid = {8B8F8D0B-8F8D-4F8D-8F8D-8F8D8F8D8F8D}
	EndGlobalSection
EndGlobal